
Microsoft Visual Studio Solution File, Format Version 12.00
# Visual Studio Version 17
VisualStudioVersion = 17.6.33723.286
MinimumVisualStudioVersion = 10.0.40219.1
Project("{FAE04EC0-301F-11D3-BF4B-00C04F79EFBC}") = "SistemaDeNotas", "SistemaDeNotas\SistemaDeNotas.csproj", "{B8A087B9-51E1-466E-A153-FA816A34F670}"
EndProject
Global
	GlobalSection(SolutionConfigurationPlatforms) = preSolution
		Debug|Any CPU = Debug|Any CPU
		Release|Any CPU = Release|Any CPU
	EndGlobalSection
	GlobalSection(ProjectConfigurationPlatforms) = postSolution
		{B8A087B9-51E1-466E-A153-FA816A34F670}.Debug|Any CPU.ActiveCfg = Debug|Any CPU
		{B8A087B9-51E1-466E-A153-FA816A34F670}.Debug|Any CPU.Build.0 = Debug|Any CPU
		{B8A087B9-51E1-466E-A153-FA816A34F670}.Release|Any CPU.ActiveCfg = Release|Any CPU
		{B8A087B9-51E1-466E-A153-FA816A34F670}.Release|Any CPU.Build.0 = Release|Any CPU
	EndGlobalSection
	GlobalSection(SolutionProperties) = preSolution
		HideSolutionNode = FALSE
	EndGlobalSection
	GlobalSection(ExtensibilityGlobals) = postSolution
		SolutionGuid = {80A2AF51-6497-42BB-A564-A5A414EE6E0D}
	EndGlobalSection
EndGlobal
